
Microsoft Visual Studio Solution File, Format Version 12.00
# Visual Studio Version 17
VisualStudioVersion = 17.5.2.0
MinimumVisualStudioVersion = 10.0.40219.1
Project("{FAE04EC0-301F-11D3-BF4B-00C04F79EFBC}") = "BoardGameReviews", "BoardGameReviews\BoardGameReviews.csproj", "{791169BF-3F58-4DAB-D7D6-73595F41F4D7}"
EndProject
Project("{FAE04EC0-301F-11D3-BF4B-00C04F79EFBC}") = "BoardGameReviews.IntegrationTests", "BoardGameReviews.IntegrationTests\BoardGameReviews.IntegrationTests.csproj", "{623915B1-4739-443F-BEB8-AFCA9BC99127}"
EndProject
Global
	GlobalSection(SolutionConfigurationPlatforms) = preSolution
		Debug|Any CPU = Debug|Any CPU
		Debug|x64 = Debug|x64
		Debug|x86 = Debug|x86
		Release|Any CPU = Release|Any CPU
		Release|x64 = Release|x64
		Release|x86 = Release|x86
	EndGlobalSection
	GlobalSection(ProjectConfigurationPlatforms) = postSolution
		{791169BF-3F58-4DAB-D7D6-73595F41F4D7}.Debug|Any CPU.ActiveCfg = Debug|Any CPU
		{791169BF-3F58-4DAB-D7D6-73595F41F4D7}.Debug|Any CPU.Build.0 = Debug|Any CPU
		{791169BF-3F58-4DAB-D7D6-73595F41F4D7}.Debug|x64.ActiveCfg = Debug|Any CPU
		{791169BF-3F58-4DAB-D7D6-73595F41F4D7}.Debug|x64.Build.0 = Debug|Any CPU
		{791169BF-3F58-4DAB-D7D6-73595F41F4D7}.Debug|x86.ActiveCfg = Debug|Any CPU
		{791169BF-3F58-4DAB-D7D6-73595F41F4D7}.Debug|x86.Build.0 = Debug|Any CPU
		{791169BF-3F58-4DAB-D7D6-73595F41F4D7}.Release|Any CPU.ActiveCfg = Release|Any CPU
		{791169BF-3F58-4DAB-D7D6-73595F41F4D7}.Release|Any CPU.Build.0 = Release|Any CPU
		{791169BF-3F58-4DAB-D7D6-73595F41F4D7}.Release|x64.ActiveCfg = Release|Any CPU
		{791169BF-3F58-4DAB-D7D6-73595F41F4D7}.Release|x64.Build.0 = Release|Any CPU
		{791169BF-3F58-4DAB-D7D6-73595F41F4D7}.Release|x86.ActiveCfg = Release|Any CPU
		{791169BF-3F58-4DAB-D7D6-73595F41F4D7}.Release|x86.Build.0 = Release|Any CPU
		{623915B1-4739-443F-BEB8-AFCA9BC99127}.Debug|Any CPU.ActiveCfg = Debug|Any CPU
		{623915B1-4739-443F-BEB8-AFCA9BC99127}.Debug|Any CPU.Build.0 = Debug|Any CPU
		{623915B1-4739-443F-BEB8-AFCA9BC99127}.Debug|x64.ActiveCfg = Debug|Any CPU
		{623915B1-4739-443F-BEB8-AFCA9BC99127}.Debug|x64.Build.0 = Debug|Any CPU
		{623915B1-4739-443F-BEB8-AFCA9BC99127}.Debug|x86.ActiveCfg = Debug|Any CPU
		{623915B1-4739-443F-BEB8-AFCA9BC99127}.Debug|x86.Build.0 = Debug|Any CPU
		{623915B1-4739-443F-BEB8-AFCA9BC99127}.Release|Any CPU.ActiveCfg = Release|Any CPU
		{623915B1-4739-443F-BEB8-AFCA9BC99127}.Release|Any CPU.Build.0 = Release|Any CPU
		{623915B1-4739-443F-BEB8-AFCA9BC99127}.Release|x64.ActiveCfg = Release|Any CPU
		{623915B1-4739-443F-BEB8-AFCA9BC99127}.Release|x64.Build.0 = Release|Any CPU
		{623915B1-4739-443F-BEB8-AFCA9BC99127}.Release|x86.ActiveCfg = Release|Any CPU
		{623915B1-4739-443F-BEB8-AFCA9BC99127}.Release|x86.Build.0 = Release|Any CPU
	EndGlobalSection
	GlobalSection(SolutionProperties) = preSolution
		HideSolutionNode = FALSE
	EndGlobalSection
	GlobalSection(ExtensibilityGlobals) = postSolution
		SolutionGuid = {A5575DA5-BEC6-4D6F-A5D6-DFEB8A6F8D8D}
	EndGlobalSection
EndGlobal
